{
  "version": "2",
  "remote": {
    "https://cdn.jsdelivr.net/gh/justjavac/deno_docx/deps.ts": "f638c3a2c919869fbd8aec33a0f096482ebc80e871188392f22384d0dc13ad44",
    "https://cdn.jsdelivr.net/gh/justjavac/deno_docx@main/App.tsx": "5d758bfa43e70d0b22d911230a83e35dd600ce66be60cd45d03fefac198018a1",
    "https://cdn.jsdelivr.net/gh/justjavac/deno_docx@main/components/Header.tsx": "da47f035e362832912be63682725d86231dbc6014a9dec16d5fcf0e19d08abbe",
    "https://cdn.jsdelivr.net/gh/justjavac/deno_docx@main/components/Markdown.tsx": "69a8ee88e30d7854db7c495576d11173a7d0671a656e97818db7473f82c0fc43",
    "https://cdn.jsdelivr.net/gh/justjavac/deno_docx@main/components/Sidebar.tsx": "71ab43cac4a40a6407c6a31ba8b3e768e0fd30042206c9c8d15cda6b0932b15e",
    "https://cdn.jsdelivr.net/gh/justjavac/deno_docx@main/deps.ts": "f638c3a2c919869fbd8aec33a0f096482ebc80e871188392f22384d0dc13ad44",
    "https://cdn.jsdelivr.net/gh/justjavac/deno_docx@main/lib/parse_markdown.ts": "5cd10cd947f939647a856713c41b97497faa7ffe0bcb50f5fdef0ad82893fc89",
    "https://cdn.skypack.dev/-/highlight.js@v11.3.1-a4ttW1hJEx4LOVMEMq4w/dist=es2019,mode=imports/optimized/common/core-da5e7eef.js": "04d307f028721fd62d3ce7a57f9897a4dbac1dd5633306beb448373a4d0784b7",
    "https://cdn.skypack.dev/-/highlight.js@v11.3.1-a4ttW1hJEx4LOVMEMq4w/dist=es2019,mode=imports/optimized/common/vbnet-8ed45eb2.js": "cd56872895df7018fc33387750fac767ab9c840fc30a676ca3da5c7622ea752a",
    "https://cdn.skypack.dev/-/highlight.js@v11.3.1-a4ttW1hJEx4LOVMEMq4w/dist=es2019,mode=imports/optimized/highlightjs.js": "3922d1ef5116c6d4292156778ab41b2577a26349e10863653823b8c063627706",
    "https://cdn.skypack.dev/-/highlight.js@v11.3.1-a4ttW1hJEx4LOVMEMq4w/dist=es2019,mode=types/types/index.d.ts": "de6f8cb34dce8a411b3c573ab6f358fb074090c9bb4ce35e4bb959b1c9d84d6c",
    "https://cdn.skypack.dev/error/build:marked@v4.3.0-Saj9XRogqzY8orFI1mpt": "53c7d719351909bb431065313c4cb77645d4cc429bc888714b07188336961fcd",
    "https://cdn.skypack.dev/highlight.js@11.3.1?dts": "07cd96a0a91c889cbf227c3ae0b901bc8a43c5131de230ae0fb73455c08dc16b",
    "https://deno.land/std@0.114.0/_util/assert.ts": "2f868145a042a11d5ad0a3c748dcf580add8a0dbc0e876eaa0026303a5488f58",
    "https://deno.land/std@0.114.0/_util/os.ts": "dfb186cc4e968c770ab6cc3288bd65f4871be03b93beecae57d657232ecffcac",
    "https://deno.land/std@0.114.0/async/deadline.ts": "1d6ac7aeaee22f75eb86e4e105d6161118aad7b41ae2dd14f4cfd3bf97472b93",
    "https://deno.land/std@0.114.0/async/debounce.ts": "b2f693e4baa16b62793fd618de6c003b63228db50ecfe3bd51fc5f6dc0bc264b",
    "https://deno.land/std@0.114.0/async/deferred.ts": "ab60d46ba561abb3b13c0c8085d05797a384b9f182935f051dc67136817acdee",
    "https://deno.land/std@0.114.0/async/delay.ts": "f2d8ccaa8ebc26594bd8b0989edfd8a96257a714c1dee2fb54d986e5bdd840ac",
    "https://deno.land/std@0.114.0/async/mod.ts": "78425176fabea7bd1046ce3819fd69ce40da85c83e0f174d17e8e224a91f7d10",
    "https://deno.land/std@0.114.0/async/mux_async_iterator.ts": "62abff3af9ff619e8f2adc96fc70d4ca020fa48a50c23c13f12d02ed2b760dbe",
    "https://deno.land/std@0.114.0/async/pool.ts": "353ce4f91865da203a097aa6f33de8966340c91b6f4a055611c8c5d534afd12f",
    "https://deno.land/std@0.114.0/async/tee.ts": "3e9f2ef6b36e55188de16a667c702ace4ad0cf84e3720379160e062bf27348ad",
    "https://deno.land/std@0.114.0/http/server.ts": "46f616eac1ca0ea7b9fce97102d185a3d97ae7d7d3bbd635b74cefe05ed1cb37",
    "https://deno.land/std@0.114.0/path/_constants.ts": "1247fee4a79b70c89f23499691ef169b41b6ccf01887a0abd131009c5581b853",
    "https://deno.land/std@0.114.0/path/_interface.ts": "1fa73b02aaa24867e481a48492b44f2598cd9dfa513c7b34001437007d3642e4",
    "https://deno.land/std@0.114.0/path/_util.ts": "2e06a3b9e79beaf62687196bd4b60a4c391d862cfa007a20fc3a39f778ba073b",
    "https://deno.land/std@0.114.0/path/common.ts": "f41a38a0719a1e85aa11c6ba3bea5e37c15dd009d705bd8873f94c833568cbc4",
    "https://deno.land/std@0.114.0/path/glob.ts": "ea87985765b977cc284b92771003b2070c440e0807c90e1eb0ff3e095911a820",
    "https://deno.land/std@0.114.0/path/mod.ts": "4465dc494f271b02569edbb4a18d727063b5dbd6ed84283ff906260970a15d12",
    "https://deno.land/std@0.114.0/path/posix.ts": "34349174b9cd121625a2810837a82dd8b986bbaaad5ade690d1de75bbb4555b2",
    "https://deno.land/std@0.114.0/path/separator.ts": "8fdcf289b1b76fd726a508f57d3370ca029ae6976fcde5044007f062e643ff1c",
    "https://deno.land/std@0.114.0/path/win32.ts": "11549e8c6df8307a8efcfa47ad7b2a75da743eac7d4c89c9723a944661c8bd2e",
    "https://deno.land/x/media_types@v2.11.0/db.ts": "1eac2b1b57195e41d7e40d7b236a3adeb93b4fa18084b4c9db49144fe685c78d",
    "https://deno.land/x/media_types@v2.11.0/mod.ts": "77c809ab6fc8b4d176ce48bc6264e7d2933a0c72f6cf2917fef76be0d5405ba2",
    "https://deno.land/x/nano_jsx@v0.0.26/component.ts": "f6666fba6701baf2d646b6d3d69c2a4f9120f489e024d4d2ce9dba986da08558",
    "https://deno.land/x/nano_jsx@v0.0.26/components/helmet.ts": "c3ba9c99b0786c2ab7fee7d94e882ded41b9c8abd1a7ff97e7e3f31f0e1aff91",
    "https://deno.land/x/nano_jsx@v0.0.26/core.ts": "e7ed4e62efdcf290a7b4368b2f3f23d660a8bf350234a389254bcd67bc04e815",
    "https://deno.land/x/nano_jsx@v0.0.26/core.types.ts": "4d15e7a92ed46ddfec4de7b6aadd871cad2e95438c2cda773e128367b3529483",
    "https://deno.land/x/nano_jsx@v0.0.26/fragment.ts": "9cfb0dcdcb02d5cc53f027b4b55609e4f9d6d9322b665292e572856f4b688569",
    "https://deno.land/x/nano_jsx@v0.0.26/helpers.ts": "e17b892110d52d48c660c0cf5da8be0f1e55d2de6733d1263073aa4b9f90f174",
    "https://deno.land/x/nano_jsx@v0.0.26/regexDom.ts": "6c325afc7a78a290e143af44e4c7dbfa9dabbf4f16bb9853bd4b81fe30a94fc5",
    "https://deno.land/x/nano_jsx@v0.0.26/ssr.ts": "363dc9a41caf361dc3992a73882b740ddead4c596d143308575a82bb1704a0df",
    "https://deno.land/x/nano_jsx@v0.0.26/state.ts": "cfc6ca6eb5e65f4cd60717a0a96ce604053bacf6e0b8835afbe22327e9979a1b",
    "https://deno.land/x/nano_jsx@v0.0.26/version.ts": "c1961a156445d106e72a0bfb6cf01c258525a65e55e0ebaef9e81fd5a9c6f44c"
  }
}
