{
  "version": "2",
  "remote": {
    "https://cdn.jsdelivr.net/gh/justjavac/deno_docx/deps.ts": "f638c3a2c919869fbd8aec33a0f096482ebc80e871188392f22384d0dc13ad44",
    "https://cdn.jsdelivr.net/gh/justjavac/deno_docx@latest/App.tsx": "5d758bfa43e70d0b22d911230a83e35dd600ce66be60cd45d03fefac198018a1",
    "https://cdn.jsdelivr.net/gh/justjavac/deno_docx@latest/components/Header.tsx": "da47f035e362832912be63682725d86231dbc6014a9dec16d5fcf0e19d08abbe",
    "https://cdn.jsdelivr.net/gh/justjavac/deno_docx@latest/components/Markdown.tsx": "69a8ee88e30d7854db7c495576d11173a7d0671a656e97818db7473f82c0fc43",
    "https://cdn.jsdelivr.net/gh/justjavac/deno_docx@latest/components/Sidebar.tsx": "71ab43cac4a40a6407c6a31ba8b3e768e0fd30042206c9c8d15cda6b0932b15e",
    "https://cdn.jsdelivr.net/gh/justjavac/deno_docx@latest/deps.ts": "883ffac6156330485c9eb8f6fd8e96b22dc7acbfdeb8854ed1a4dfc6f24822cd",
    "https://cdn.jsdelivr.net/gh/justjavac/deno_docx@latest/lib/parse_markdown.ts": "5cd10cd947f939647a856713c41b97497faa7ffe0bcb50f5fdef0ad82893fc89",
    "https://cdn.jsdelivr.net/gh/justjavac/deno_docx@main/App.tsx": "5d758bfa43e70d0b22d911230a83e35dd600ce66be60cd45d03fefac198018a1",
    "https://cdn.jsdelivr.net/gh/justjavac/deno_docx@main/components/Header.tsx": "da47f035e362832912be63682725d86231dbc6014a9dec16d5fcf0e19d08abbe",
    "https://cdn.jsdelivr.net/gh/justjavac/deno_docx@main/components/Markdown.tsx": "69a8ee88e30d7854db7c495576d11173a7d0671a656e97818db7473f82c0fc43",
    "https://cdn.jsdelivr.net/gh/justjavac/deno_docx@main/components/Sidebar.tsx": "71ab43cac4a40a6407c6a31ba8b3e768e0fd30042206c9c8d15cda6b0932b15e",
    "https://cdn.jsdelivr.net/gh/justjavac/deno_docx@main/deps.ts": "f638c3a2c919869fbd8aec33a0f096482ebc80e871188392f22384d0dc13ad44",
    "https://cdn.jsdelivr.net/gh/justjavac/deno_docx@main/lib/parse_markdown.ts": "5cd10cd947f939647a856713c41b97497faa7ffe0bcb50f5fdef0ad82893fc89",
    "https://cdn.skypack.dev/-/highlight.js@v11.3.1-a4ttW1hJEx4LOVMEMq4w/dist=es2019,mode=imports/optimized/common/core-da5e7eef.js": "04d307f028721fd62d3ce7a57f9897a4dbac1dd5633306beb448373a4d0784b7",
    "https://cdn.skypack.dev/-/highlight.js@v11.3.1-a4ttW1hJEx4LOVMEMq4w/dist=es2019,mode=imports/optimized/common/vbnet-8ed45eb2.js": "cd56872895df7018fc33387750fac767ab9c840fc30a676ca3da5c7622ea752a",
    "https://cdn.skypack.dev/-/highlight.js@v11.3.1-a4ttW1hJEx4LOVMEMq4w/dist=es2019,mode=imports/optimized/highlightjs.js": "3922d1ef5116c6d4292156778ab41b2577a26349e10863653823b8c063627706",
    "https://cdn.skypack.dev/-/highlight.js@v11.3.1-a4ttW1hJEx4LOVMEMq4w/dist=es2019,mode=types/types/index.d.ts": "de6f8cb34dce8a411b3c573ab6f358fb074090c9bb4ce35e4bb959b1c9d84d6c",
    "https://cdn.skypack.dev/error/build:marked@v4.3.0-Saj9XRogqzY8orFI1mpt": "53c7d719351909bb431065313c4cb77645d4cc429bc888714b07188336961fcd",
    "https://cdn.skypack.dev/highlight.js@11.3.1?dts": "07cd96a0a91c889cbf227c3ae0b901bc8a43c5131de230ae0fb73455c08dc16b",
    "https://deno.land/std@0.114.0/_util/assert.ts": "2f868145a042a11d5ad0a3c748dcf580add8a0dbc0e876eaa0026303a5488f58",
    "https://deno.land/std@0.114.0/_util/os.ts": "dfb186cc4e968c770ab6cc3288bd65f4871be03b93beecae57d657232ecffcac",
    "https://deno.land/std@0.114.0/async/deadline.ts": "1d6ac7aeaee22f75eb86e4e105d6161118aad7b41ae2dd14f4cfd3bf97472b93",
    "https://deno.land/std@0.114.0/async/debounce.ts": "b2f693e4baa16b62793fd618de6c003b63228db50ecfe3bd51fc5f6dc0bc264b",
    "https://deno.land/std@0.114.0/async/deferred.ts": "ab60d46ba561abb3b13c0c8085d05797a384b9f182935f051dc67136817acdee",
    "https://deno.land/std@0.114.0/async/delay.ts": "f2d8ccaa8ebc26594bd8b0989edfd8a96257a714c1dee2fb54d986e5bdd840ac",
    "https://deno.land/std@0.114.0/async/mod.ts": "78425176fabea7bd1046ce3819fd69ce40da85c83e0f174d17e8e224a91f7d10",
    "https://deno.land/std@0.114.0/async/mux_async_iterator.ts": "62abff3af9ff619e8f2adc96fc70d4ca020fa48a50c23c13f12d02ed2b760dbe",
    "https://deno.land/std@0.114.0/async/pool.ts": "353ce4f91865da203a097aa6f33de8966340c91b6f4a055611c8c5d534afd12f",
    "https://deno.land/std@0.114.0/async/tee.ts": "3e9f2ef6b36e55188de16a667c702ace4ad0cf84e3720379160e062bf27348ad",
    "https://deno.land/std@0.114.0/http/server.ts": "46f616eac1ca0ea7b9fce97102d185a3d97ae7d7d3bbd635b74cefe05ed1cb37",
    "https://deno.land/std@0.114.0/path/_constants.ts": "1247fee4a79b70c89f23499691ef169b41b6ccf01887a0abd131009c5581b853",
    "https://deno.land/std@0.114.0/path/_interface.ts": "1fa73b02aaa24867e481a48492b44f2598cd9dfa513c7b34001437007d3642e4",
    "https://deno.land/std@0.114.0/path/_util.ts": "2e06a3b9e79beaf62687196bd4b60a4c391d862cfa007a20fc3a39f778ba073b",
    "https://deno.land/std@0.114.0/path/common.ts": "f41a38a0719a1e85aa11c6ba3bea5e37c15dd009d705bd8873f94c833568cbc4",
    "https://deno.land/std@0.114.0/path/glob.ts": "ea87985765b977cc284b92771003b2070c440e0807c90e1eb0ff3e095911a820",
    "https://deno.land/std@0.114.0/path/mod.ts": "4465dc494f271b02569edbb4a18d727063b5dbd6ed84283ff906260970a15d12",
    "https://deno.land/std@0.114.0/path/posix.ts": "34349174b9cd121625a2810837a82dd8b986bbaaad5ade690d1de75bbb4555b2",
    "https://deno.land/std@0.114.0/path/separator.ts": "8fdcf289b1b76fd726a508f57d3370ca029ae6976fcde5044007f062e643ff1c",
    "https://deno.land/std@0.114.0/path/win32.ts": "11549e8c6df8307a8efcfa47ad7b2a75da743eac7d4c89c9723a944661c8bd2e",
    "https://deno.land/x/media_types@v2.11.0/db.ts": "1eac2b1b57195e41d7e40d7b236a3adeb93b4fa18084b4c9db49144fe685c78d",
    "https://deno.land/x/media_types@v2.11.0/mod.ts": "77c809ab6fc8b4d176ce48bc6264e7d2933a0c72f6cf2917fef76be0d5405ba2",
    "https://deno.land/x/nano_jsx@v0.0.26/component.ts": "f6666fba6701baf2d646b6d3d69c2a4f9120f489e024d4d2ce9dba986da08558",
    "https://deno.land/x/nano_jsx@v0.0.26/components/helmet.ts": "c3ba9c99b0786c2ab7fee7d94e882ded41b9c8abd1a7ff97e7e3f31f0e1aff91",
    "https://deno.land/x/nano_jsx@v0.0.26/core.ts": "e7ed4e62efdcf290a7b4368b2f3f23d660a8bf350234a389254bcd67bc04e815",
    "https://deno.land/x/nano_jsx@v0.0.26/core.types.ts": "4d15e7a92ed46ddfec4de7b6aadd871cad2e95438c2cda773e128367b3529483",
    "https://deno.land/x/nano_jsx@v0.0.26/fragment.ts": "9cfb0dcdcb02d5cc53f027b4b55609e4f9d6d9322b665292e572856f4b688569",
    "https://deno.land/x/nano_jsx@v0.0.26/helpers.ts": "e17b892110d52d48c660c0cf5da8be0f1e55d2de6733d1263073aa4b9f90f174",
    "https://deno.land/x/nano_jsx@v0.0.26/regexDom.ts": "6c325afc7a78a290e143af44e4c7dbfa9dabbf4f16bb9853bd4b81fe30a94fc5",
    "https://deno.land/x/nano_jsx@v0.0.26/ssr.ts": "363dc9a41caf361dc3992a73882b740ddead4c596d143308575a82bb1704a0df",
    "https://deno.land/x/nano_jsx@v0.0.26/state.ts": "cfc6ca6eb5e65f4cd60717a0a96ce604053bacf6e0b8835afbe22327e9979a1b",
    "https://deno.land/x/nano_jsx@v0.0.26/version.ts": "c1961a156445d106e72a0bfb6cf01c258525a65e55e0ebaef9e81fd5a9c6f44c",
    "https://esm.sh/highlight.js@11.3.1": "bd7eed7c3e649630370fd9c070e0b2230eee04ece42e6e1af4137ea14267018d",
    "https://esm.sh/marked@4.3.0": "540df67e525c7c89821d30a32e3965d6e2da4349072087d7bbd33f387a4ee54d",
    "https://esm.sh/v113/@types/marked@4.0.8/index.d.ts": "0b2fcecb260110d36514d4a845e10d98d19ae62f19ff18a5fc0181c31e1be8ef",
    "https://esm.sh/v113/highlight.js@11.3.1/deno/highlight.mjs": "5ecaeca0b7cb7d038981bdfafbc3998b3c90430a883eed46b7ee023d3fac1154",
    "https://esm.sh/v113/highlight.js@11.3.1/deno/lib/core.js": "04bbb7b8a4035871825a962f53671bd24758ec27cbe7e589d23cf889ea1e0918",
    "https://esm.sh/v113/highlight.js@11.3.1/deno/lib/languages/1c.js": "5212e746b90db8c24b12bb7ab2e291dfdd86f5e4d3426616a6447dbe7a7c33f8",
    "https://esm.sh/v113/highlight.js@11.3.1/deno/lib/languages/abnf.js": "6aacc55d2558d6f01f6156ba9b3ca3d1251d727c0af238c3d762607d11efa4ac",
    "https://esm.sh/v113/highlight.js@11.3.1/deno/lib/languages/accesslog.js": "f8f7cfe3c8de53e1312217cb39f87b226f533033b8a543c491915931798f4e34",
    "https://esm.sh/v113/highlight.js@11.3.1/deno/lib/languages/actionscript.js": "3da37897a8785e6b9362673dca6f00338fd1e5d4011e4010b28db49e1100ce11",
    "https://esm.sh/v113/highlight.js@11.3.1/deno/lib/languages/ada.js": "a71d28a971419b861e038a7629c5e465fed9eed60be414733c23c3d474820672",
    "https://esm.sh/v113/highlight.js@11.3.1/deno/lib/languages/angelscript.js": "2000c7ea5b631d2d83dd7f68ccef60166fe611c71922b78cf439d68a3feedda9",
    "https://esm.sh/v113/highlight.js@11.3.1/deno/lib/languages/apache.js": "3fed67b8144f19e3352622c4c1a13d8abb30e81d74acaf8e2cec903d32565b94",
    "https://esm.sh/v113/highlight.js@11.3.1/deno/lib/languages/applescript.js": "ff8aa0d393e910a97bc4792f9f5da073d0fb347cc81b2ebb97462931bc46e80f",
    "https://esm.sh/v113/highlight.js@11.3.1/deno/lib/languages/arcade.js": "276c20117ee137fe9fdaa90bfc85fe3bafdd09b51a83835b00fd288cc5d1ac38",
    "https://esm.sh/v113/highlight.js@11.3.1/deno/lib/languages/arduino.js": "8c67e1d0f606018986829077fd91228708854e698ffc24a11fa7e80b6a98b8a2",
    "https://esm.sh/v113/highlight.js@11.3.1/deno/lib/languages/armasm.js": "bf87a5769e8720e9108a525a740f6fa8aa8f33d9e576124024ec223a9a846994",
    "https://esm.sh/v113/highlight.js@11.3.1/deno/lib/languages/asciidoc.js": "4b3cdc6bd921a4362be25d42692e821f53022ab731eac3b6144b2f9e40ca15a7",
    "https://esm.sh/v113/highlight.js@11.3.1/deno/lib/languages/aspectj.js": "45b45e4b3f031674fe75745e22823abd611e82657f1f18a455364c76ef60fc99",
    "https://esm.sh/v113/highlight.js@11.3.1/deno/lib/languages/autohotkey.js": "e38b95e41237fc488cc374811c5289246d2b17b5018b71ce83b5eac9fc697064",
    "https://esm.sh/v113/highlight.js@11.3.1/deno/lib/languages/autoit.js": "f1562a4e66a74833177eda6f68459d03ed7b83e9ce12f1e20d8cabcdd0245766",
    "https://esm.sh/v113/highlight.js@11.3.1/deno/lib/languages/avrasm.js": "ce596f17f1c08cb3fbe880f3ad77881b9ccc4b1f4b4f7b64c2cef2276fdc692c",
    "https://esm.sh/v113/highlight.js@11.3.1/deno/lib/languages/awk.js": "c95919570265baecbb8766159cd536bb528dd3b3bedcc9f576f77c4f8fe37010",
    "https://esm.sh/v113/highlight.js@11.3.1/deno/lib/languages/axapta.js": "78834c6a317702940e466455fef088fef5a3bb96402b6d22c4bd0eb81bb10e1d",
    "https://esm.sh/v113/highlight.js@11.3.1/deno/lib/languages/bash.js": "1f701698ae3ea150fb5474301d8188e1ff49af9fe6680ab20d477ad778ed114a",
    "https://esm.sh/v113/highlight.js@11.3.1/deno/lib/languages/basic.js": "32145be8b60ddd0ba5fd958be1342fb1bbbb3803353d52d3ef8597083199b282",
    "https://esm.sh/v113/highlight.js@11.3.1/deno/lib/languages/bnf.js": "4ea183e7539255ed23bd95f9c9cd66d5ca6e1939f2827934d8a03df2a5298136",
    "https://esm.sh/v113/highlight.js@11.3.1/deno/lib/languages/brainfuck.js": "80768ddd52a14b7464e88fe0d23e82b49c0bd59f23a88378a674ce8027816d2a",
    "https://esm.sh/v113/highlight.js@11.3.1/deno/lib/languages/c.js": "8bb4999d5916c1e99574e1bf0cf88c66b4b0a721e0fa2b8edd26ef5498bcb741",
    "https://esm.sh/v113/highlight.js@11.3.1/deno/lib/languages/cal.js": "5111b51a98c9a6527b2ae53d0fd218ce156044672c392a366df0152695176ac5",
    "https://esm.sh/v113/highlight.js@11.3.1/deno/lib/languages/capnproto.js": "beed86ee79128a1204d45a62da0efbc12e5f5a222c1a739c2509f86d64d5222a",
    "https://esm.sh/v113/highlight.js@11.3.1/deno/lib/languages/ceylon.js": "9c9078e3d3a2d3758ac4521c842e9e5a8c6da9deb0f1e41701265ade322f924c",
    "https://esm.sh/v113/highlight.js@11.3.1/deno/lib/languages/clean.js": "931fef2f4586fbb9ab78c5f234c0a9602e676417bd79d7abf9b05ac8935ff05b",
    "https://esm.sh/v113/highlight.js@11.3.1/deno/lib/languages/clojure-repl.js": "12a53a5b3bb85b6ef4d4edeeac8067db31b11a04d604a91734c2959e2b7b66e3",
    "https://esm.sh/v113/highlight.js@11.3.1/deno/lib/languages/clojure.js": "77d869b5c39d0fa42f46f5d20a047df39fc44e2017c0be80b1a3fdaf19ca1e12",
    "https://esm.sh/v113/highlight.js@11.3.1/deno/lib/languages/cmake.js": "5dbcf71b7d4d548aa30081f6f8ae5200cfe24292ffc06256f6a56c04b3088971",
    "https://esm.sh/v113/highlight.js@11.3.1/deno/lib/languages/coffeescript.js": "90d354b8aaa25b0410d93f5f141e015720eba7a113c52cdf1f69fe1492582fd5",
    "https://esm.sh/v113/highlight.js@11.3.1/deno/lib/languages/coq.js": "32101d6c453cdfeee913dd6a9b47fa617a2e0345b53db25e2dd698a21acc822d",
    "https://esm.sh/v113/highlight.js@11.3.1/deno/lib/languages/cos.js": "a6fd94887b3f4e1b5bd8a2e9c5a6006766da15e28c6562b2f45a2cf3287ce663",
    "https://esm.sh/v113/highlight.js@11.3.1/deno/lib/languages/cpp.js": "7e8ea2b529e44301ee05159777af9e4ebc08eaf4db4fb499a8c5cbf9cfe3abc4",
    "https://esm.sh/v113/highlight.js@11.3.1/deno/lib/languages/crmsh.js": "4c9e2615d51f4bac50bcf80957b800b6984a4d94858e6afddde61f1a40e6791f",
    "https://esm.sh/v113/highlight.js@11.3.1/deno/lib/languages/crystal.js": "db78f92f499ca30ab66a67495acc480116553967d7e61c60a5464d573e22cf69",
    "https://esm.sh/v113/highlight.js@11.3.1/deno/lib/languages/csharp.js": "c2d67ca75afb6813bdb61f5cfab4c363d4d894602100c101575293984fe891ae",
    "https://esm.sh/v113/highlight.js@11.3.1/deno/lib/languages/csp.js": "af4bc84c8e5008be8f2fb43fe378b44dd2ca1dbe05d46020a40769156d4aa5e9",
    "https://esm.sh/v113/highlight.js@11.3.1/deno/lib/languages/css.js": "752e608174cff4b1dbf88bc98ce3ff210f4d676d9cec38fedce120cbff0ae8d1",
    "https://esm.sh/v113/highlight.js@11.3.1/deno/lib/languages/d.js": "ca09c557e15a65f5443cb00ec32e48f692a37d571aeae1cdb7b9de7180d8e3f9",
    "https://esm.sh/v113/highlight.js@11.3.1/deno/lib/languages/dart.js": "20dd467489690f85078764b38f4ce97ea0b93f9b2997a959d0f10fd77ee4d77d",
    "https://esm.sh/v113/highlight.js@11.3.1/deno/lib/languages/delphi.js": "2c1ba69db949839a26d10c570d38e7ebe33dbf9fec9d70fcb2f0f232c7f4171d",
    "https://esm.sh/v113/highlight.js@11.3.1/deno/lib/languages/diff.js": "758399a5b5f67d5fb2045f45a98fcb935bef23a9a81560c3073f47a91c429f6f",
    "https://esm.sh/v113/highlight.js@11.3.1/deno/lib/languages/django.js": "545d9ccd230d3343f9812d7760cb21f76578842a1129541bb5b5364c58ca775c",
    "https://esm.sh/v113/highlight.js@11.3.1/deno/lib/languages/dns.js": "610adb114cf0fe101bdf51f0c796c0460dafe810677f6e9baca9824542037e95",
    "https://esm.sh/v113/highlight.js@11.3.1/deno/lib/languages/dockerfile.js": "84baf59dc6275821737e83a3b681a95d4ebbb7659cde161094e87765e307d2a6",
    "https://esm.sh/v113/highlight.js@11.3.1/deno/lib/languages/dos.js": "ad703681322ec2c60e6f8b1cbe28ac57f005ec691f221921e22c206837b12f03",
    "https://esm.sh/v113/highlight.js@11.3.1/deno/lib/languages/dsconfig.js": "72c77d564f825d918728b8d6c5b5d7ac5b59316411ba958f1bd2fa65b35dedf6",
    "https://esm.sh/v113/highlight.js@11.3.1/deno/lib/languages/dts.js": "4e6c7f71809be1c74aba6797185582999ab5c9aa550dc837faf245b78e221cce",
    "https://esm.sh/v113/highlight.js@11.3.1/deno/lib/languages/dust.js": "35788e4a021f6a336b2d63ce6e6a9fffd5e0ad0f38bbda35e2065d80ee682177",
    "https://esm.sh/v113/highlight.js@11.3.1/deno/lib/languages/ebnf.js": "85998daedf1347a8f619ffaa17e4a29a30a1c0dc7d38b90d4baa008331f759ca",
    "https://esm.sh/v113/highlight.js@11.3.1/deno/lib/languages/elixir.js": "311556ecdafed0179e381b2ff51042ca244c7e547a46c6342ca83e28957080ae",
    "https://esm.sh/v113/highlight.js@11.3.1/deno/lib/languages/elm.js": "463ef6543190e5332641c0522a9b6c0eaf29bd9458e54cf451935d92181ed6d4",
    "https://esm.sh/v113/highlight.js@11.3.1/deno/lib/languages/erb.js": "aa93a421e32dabb6edd2a7a371e32acf710bf853a69c7b024a1af493755ee041",
    "https://esm.sh/v113/highlight.js@11.3.1/deno/lib/languages/erlang-repl.js": "7f48a5062bcdd2fcba7fd10daff3c5b0e5ea1e7adc285bf35729d3c6660279a2",
    "https://esm.sh/v113/highlight.js@11.3.1/deno/lib/languages/erlang.js": "cbd7bbbac7c5e761a6c5d1e719236fff8c8a879fee5974577bd93ae717942246",
    "https://esm.sh/v113/highlight.js@11.3.1/deno/lib/languages/excel.js": "8b5d2e0c64db32d8654a4294f3281f676c22551020b5dde1aa6619b7f6bf0fcd",
    "https://esm.sh/v113/highlight.js@11.3.1/deno/lib/languages/fix.js": "fb04a7f60544e036cc0e057dd8aeefa69904014364fcfee743f2723f84480e4c",
    "https://esm.sh/v113/highlight.js@11.3.1/deno/lib/languages/flix.js": "9df3eb21b9513f26bbe9ccd7f84b701b02f432437ca389e005c71af6cd192a0e",
    "https://esm.sh/v113/highlight.js@11.3.1/deno/lib/languages/fortran.js": "c18eecc419bec040e049a0dec2f55cdc78baae17c8efed721ae9365fe604bb74",
    "https://esm.sh/v113/highlight.js@11.3.1/deno/lib/languages/fsharp.js": "421202aeae71919f7f7d2a4511aed8086ef81f62d208888723c450e33ba7cb6a",
    "https://esm.sh/v113/highlight.js@11.3.1/deno/lib/languages/gams.js": "21d0d23645440201de86d2d0af26913d3a02977ac58b05a44039fc58965f5e12",
    "https://esm.sh/v113/highlight.js@11.3.1/deno/lib/languages/gauss.js": "5fb7a6de899130e5e92775999c7d52a4fd682ce498121de32c96de5f3c046889",
    "https://esm.sh/v113/highlight.js@11.3.1/deno/lib/languages/gcode.js": "58fe68c4f629c6b3c401652f311388c2bbdf518c17ee7528f40ccb0448b5f792",
    "https://esm.sh/v113/highlight.js@11.3.1/deno/lib/languages/gherkin.js": "a45d9ed2958042948032e19e3cfb35575013487c2faa3ff91df2dfe9d5840776",
    "https://esm.sh/v113/highlight.js@11.3.1/deno/lib/languages/glsl.js": "c5a969bd38919b3e897577f5eb5a6136204faf8d49e3872e30795db00e2c342c",
    "https://esm.sh/v113/highlight.js@11.3.1/deno/lib/languages/gml.js": "becdb4c1eb616a5150ddb3938a1ebd29e917b0c81bda8f3e96dead2cc558f757",
    "https://esm.sh/v113/highlight.js@11.3.1/deno/lib/languages/go.js": "071b20b63fddaf04d5900212faf42d120c002dcee2d5fcfd61325b477f67d6a8",
    "https://esm.sh/v113/highlight.js@11.3.1/deno/lib/languages/golo.js": "7f11df58fb0160c896b0ad0bf4cc510d62ddc44afd18dc8bb9e19232a2d1cdff",
    "https://esm.sh/v113/highlight.js@11.3.1/deno/lib/languages/gradle.js": "6fc3439106d6094e195b3f06cf36055d892189e1863bab6423c686843b299a97",
    "https://esm.sh/v113/highlight.js@11.3.1/deno/lib/languages/groovy.js": "7770e146e3d8e39316b672f3c25001e43303e10c9d96f3763a61c383ebe31f1c",
    "https://esm.sh/v113/highlight.js@11.3.1/deno/lib/languages/haml.js": "cdff69ecb4b49a762d219e47a44a4e2b4b6635e92f2ccd31331c97d597e4d07c",
    "https://esm.sh/v113/highlight.js@11.3.1/deno/lib/languages/handlebars.js": "732feaa1d41d9e39daa1e015cdc4e85b1d2964a31501ef37875da562f932eefe",
    "https://esm.sh/v113/highlight.js@11.3.1/deno/lib/languages/haskell.js": "27090a5e6ffecc23faef309e868193704db2b0413e53d1b0647362efe7953bee",
    "https://esm.sh/v113/highlight.js@11.3.1/deno/lib/languages/haxe.js": "f37fe329942ab7e3130709235ebf14ab88e82c735b32d9d3d3589ba74c69b5ec",
    "https://esm.sh/v113/highlight.js@11.3.1/deno/lib/languages/hsp.js": "649c3b703d92023640b30f618215f79f37f62aeb634bf4e241b8772cd511fe88",
    "https://esm.sh/v113/highlight.js@11.3.1/deno/lib/languages/http.js": "e5b62ea88597ef5d53b1e63784e4e08c87f6cbbf94b6c7532ebdd435094aafae",
    "https://esm.sh/v113/highlight.js@11.3.1/deno/lib/languages/hy.js": "627943d7c7bdce379575f92a792657afe9f2b52a65eafcdd385e7a6007cf2282",
    "https://esm.sh/v113/highlight.js@11.3.1/deno/lib/languages/inform7.js": "b3e88ff455b7d75948c819051feedeaf5fe38e20abb371c1fbfb392fc934066e",
    "https://esm.sh/v113/highlight.js@11.3.1/deno/lib/languages/ini.js": "6300e8cae4b742da633c9b3e85a83b1796e5f9b639321cd000f7bf23e1a79e40",
    "https://esm.sh/v113/highlight.js@11.3.1/deno/lib/languages/irpf90.js": "cea7c0e97367dbbcc302e78cc327f0a8e85a89d94cc26c0ca2595d13a7cd74e4",
    "https://esm.sh/v113/highlight.js@11.3.1/deno/lib/languages/isbl.js": "4ec99cb93af5e25c95a7575046c55fcb0d5ef0da8d6c657b53998d378ce0d1b3",
    "https://esm.sh/v113/highlight.js@11.3.1/deno/lib/languages/java.js": "480ed625ac88317152188dca52212303ef1a762f23f5385043e1c2958b51062a",
    "https://esm.sh/v113/highlight.js@11.3.1/deno/lib/languages/javascript.js": "5fa8c060275686b05b5ecf31fc04da56a7c62a14610c545400dfb73ded85350a",
    "https://esm.sh/v113/highlight.js@11.3.1/deno/lib/languages/jboss-cli.js": "1e2bab766dbbe523965877718646a404f55218bca3da7b2fdd75d0ac5950c952",
    "https://esm.sh/v113/highlight.js@11.3.1/deno/lib/languages/json.js": "294bc1c0742af2cca9b14845616a93600beeb3b9ef4b2e3f71a96e7eafeceafb",
    "https://esm.sh/v113/highlight.js@11.3.1/deno/lib/languages/julia-repl.js": "f43ef598629bfea2b8e54ce8b546c41dd6892230a11f23c155659eff25ba545a",
    "https://esm.sh/v113/highlight.js@11.3.1/deno/lib/languages/julia.js": "fa9e3849133c2a207ffe0914a9c57ce06da84880630ac2896824e0e53ed621e5",
    "https://esm.sh/v113/highlight.js@11.3.1/deno/lib/languages/kotlin.js": "13b922557999aefe960d45f32f31b384da0a465aaea688be4898651837c5385d",
    "https://esm.sh/v113/highlight.js@11.3.1/deno/lib/languages/lasso.js": "4d003b89241e76d22b760bf5759b5e703dfd55d2a140821326fff7d236ae5c4a",
    "https://esm.sh/v113/highlight.js@11.3.1/deno/lib/languages/latex.js": "bec8e34e0bb5f9c12a0271bb667cbf7348c27485fcd1e4979832b62806bfd83b",
    "https://esm.sh/v113/highlight.js@11.3.1/deno/lib/languages/ldif.js": "cb437efdc49a13002bc3c5a47f1fb4394998ce6010c3f954598421700605339d",
    "https://esm.sh/v113/highlight.js@11.3.1/deno/lib/languages/leaf.js": "28d98ce07a7d1e453e40c080323a407ea54255c90c506781bea91e042bd33aa8",
    "https://esm.sh/v113/highlight.js@11.3.1/deno/lib/languages/less.js": "7cd5b49cebd6cbc313e63903944974c7f40c2f0580ba2d2c8776e0dcb227192c",
    "https://esm.sh/v113/highlight.js@11.3.1/deno/lib/languages/lisp.js": "4e8a7d69a7f020614fd930b9f94b3ff6c755865afa7a314cade3a280ca14f7f4",
    "https://esm.sh/v113/highlight.js@11.3.1/deno/lib/languages/livecodeserver.js": "5fa66c84a0c658994d660ec4349f750853c9c415537c8b303e2d4335ce8bf1fc",
    "https://esm.sh/v113/highlight.js@11.3.1/deno/lib/languages/livescript.js": "8663639d976e72d93453eab62f9af827e3e067c69368b736813b6d83178fc156",
    "https://esm.sh/v113/highlight.js@11.3.1/deno/lib/languages/llvm.js": "9171c8283314844ee84f2276089b94c0f2f6e86ad612065ab71ba7556f4a27f8",
    "https://esm.sh/v113/highlight.js@11.3.1/deno/lib/languages/lsl.js": "e65ac1ddfad0dc7c172385f71eff547f8cdb7c04f0fe445e90e7dca80db977bf",
    "https://esm.sh/v113/highlight.js@11.3.1/deno/lib/languages/lua.js": "2f3a31bf24e24ac758703960194dc7681e56af3c0f82c08b8a1b6c3075cedbb3",
    "https://esm.sh/v113/highlight.js@11.3.1/deno/lib/languages/makefile.js": "a6207895f550a494b4d7a686dab58fabf6790f228a48a6aae205248ddaa4e771",
    "https://esm.sh/v113/highlight.js@11.3.1/deno/lib/languages/markdown.js": "3a2ad091c15987889bc0ce0cf48eab17a4fca8c6311da5374be06e50851bafc3",
    "https://esm.sh/v113/highlight.js@11.3.1/deno/lib/languages/mathematica.js": "3bad94042d66011774f441d9282cff9cda6dd8a8bf4103801d9229afc68e2c08",
    "https://esm.sh/v113/highlight.js@11.3.1/deno/lib/languages/matlab.js": "8095896ab45d94be2cb78571188e71809ad2322bdcf21f3bbd0519b5c82603fe",
    "https://esm.sh/v113/highlight.js@11.3.1/deno/lib/languages/maxima.js": "240309684540d05835657d99c513f3176b1a4bc07c9e717d69ca310c17f3229f",
    "https://esm.sh/v113/highlight.js@11.3.1/deno/lib/languages/mel.js": "224642093fadc34659b085ca6bb9ffc36cb615cfff438b58abbfb046f4554000",
    "https://esm.sh/v113/highlight.js@11.3.1/deno/lib/languages/mercury.js": "11547a87d82a0cacadda95aeb2092c120f7293271fce59ad23e0ca851e50a9d3",
    "https://esm.sh/v113/highlight.js@11.3.1/deno/lib/languages/mipsasm.js": "41c3ca2c6f451b13fc262bf6e67f33f901e306391ce528acf428db204eb84404",
    "https://esm.sh/v113/highlight.js@11.3.1/deno/lib/languages/mizar.js": "712f2309bfae66ad27a85ed87013ed63da492881d3556d78f8a87274c56a13c1",
    "https://esm.sh/v113/highlight.js@11.3.1/deno/lib/languages/mojolicious.js": "7689a132e4fdcb801ba3262bc2382ffe19dafc0159abbd2f9b6ac7d81406cc31",
    "https://esm.sh/v113/highlight.js@11.3.1/deno/lib/languages/monkey.js": "06a75c3ca9218ea0bb773f400dd049c915edc369fe836b99cfe335764bde0bc6",
    "https://esm.sh/v113/highlight.js@11.3.1/deno/lib/languages/moonscript.js": "e8e771da0c4b5c5e7e89d499056778435112cab88ff32b61fdbc60b36d410764",
    "https://esm.sh/v113/highlight.js@11.3.1/deno/lib/languages/n1ql.js": "d5aad6aa204d9c0d3d6c3f6829afc2f749769aee03e5d6d19dee8042d160aa2c",
    "https://esm.sh/v113/highlight.js@11.3.1/deno/lib/languages/nestedtext.js": "8d894e99fe08732fed3ee6a8eff887996ad0bb7a4a5da54b9a5325d735114851",
    "https://esm.sh/v113/highlight.js@11.3.1/deno/lib/languages/nginx.js": "1d0d621445df7eecf08a6da4b7188d231746e70078ce9a5edf8f20cab78a65bc",
    "https://esm.sh/v113/highlight.js@11.3.1/deno/lib/languages/nim.js": "db2b695e9424dcc910b360eda640b41fcdb14e1bab61bac92b42f7ec95ffac0e",
    "https://esm.sh/v113/highlight.js@11.3.1/deno/lib/languages/nix.js": "446798b66eb43862a7f0397235ae5a024fc03fb4823a30c26edb367f924629e5",
    "https://esm.sh/v113/highlight.js@11.3.1/deno/lib/languages/node-repl.js": "0a9b6c456591fb7441c86e3fd22df6c8dcef44519ad0c4033932142465854c8f",
    "https://esm.sh/v113/highlight.js@11.3.1/deno/lib/languages/nsis.js": "9788e1e3c4b7aa43922ce327fd6c0a2fc8cd4457fce05d8eb0551b80d1e88745",
    "https://esm.sh/v113/highlight.js@11.3.1/deno/lib/languages/objectivec.js": "f68e41b88dc5d040cd899e10ccf65ca853ac6ed79107dd5f0a70b11942891ce8",
    "https://esm.sh/v113/highlight.js@11.3.1/deno/lib/languages/ocaml.js": "a086848fde4f269445ff60ce96a0b9ab6cdbfea4cb580c7f2267ce1102efd493",
    "https://esm.sh/v113/highlight.js@11.3.1/deno/lib/languages/openscad.js": "ca128b731c392ee9cce40b42be81075934a3f89f344314207f03d2191a68b2aa",
    "https://esm.sh/v113/highlight.js@11.3.1/deno/lib/languages/oxygene.js": "cb3b496835696c30a0436d82a74c265cc30fff7b6020c8a3722b579c84e95149",
    "https://esm.sh/v113/highlight.js@11.3.1/deno/lib/languages/parser3.js": "331e6ee7eb5161ef210be5ddc9befe6fe180d036b2af2e6f72e2f964e5df8bdd",
    "https://esm.sh/v113/highlight.js@11.3.1/deno/lib/languages/perl.js": "3f05a9ed47e33c4a670f62449e0a1792dc52e3090c3a84e9a4c4bafaac3446e7",
    "https://esm.sh/v113/highlight.js@11.3.1/deno/lib/languages/pf.js": "0fd1984e510c1487a9aa4efbcda0067709dfa3f4a9f2f904145caa8ea7d1eafe",
    "https://esm.sh/v113/highlight.js@11.3.1/deno/lib/languages/pgsql.js": "052b31dbfcd1d0e2f071468bb49542ea7a70100898b288a0158da870957f74b3",
    "https://esm.sh/v113/highlight.js@11.3.1/deno/lib/languages/php-template.js": "e8d9c6d6c04397943eae645bced45f47cb2016fb19df2422740bdbdf2ff5b40f",
    "https://esm.sh/v113/highlight.js@11.3.1/deno/lib/languages/php.js": "c72e112875c85f92bafe0e2f3fdac1e12b249be2b287ff69f8ce660d63a3e89d",
    "https://esm.sh/v113/highlight.js@11.3.1/deno/lib/languages/plaintext.js": "76dc1bc76cc4ef41384be3c1c2071f23b54dcde2e2c9524951f4c7c4cdfed5f8",
    "https://esm.sh/v113/highlight.js@11.3.1/deno/lib/languages/pony.js": "4c3510f680f7a7b43c6528de040feb8c86249cd899ef552200281e3010848111",
    "https://esm.sh/v113/highlight.js@11.3.1/deno/lib/languages/powershell.js": "f8e1e78acebbc64de5da917f8e81a5d4444c4506d1c549fd9260b276a32c6f8b",
    "https://esm.sh/v113/highlight.js@11.3.1/deno/lib/languages/processing.js": "a7164fd8e836906a8e9b311f063879c0a7f9ebfced4faf8709d17b46cb31efe6",
    "https://esm.sh/v113/highlight.js@11.3.1/deno/lib/languages/profile.js": "1929fa977160009ab1fa4d80d1558a474276a9a11d898ee5dbb268919192656c",
    "https://esm.sh/v113/highlight.js@11.3.1/deno/lib/languages/prolog.js": "3ac892fb6573b3fa19629db8b251d2896fb6f72ee2c95a7459e22e46678246da",
    "https://esm.sh/v113/highlight.js@11.3.1/deno/lib/languages/properties.js": "dd5e5416032aab03489477f0d52657c216dca5ccdb9fb7faf783f9a19fb74b41",
    "https://esm.sh/v113/highlight.js@11.3.1/deno/lib/languages/protobuf.js": "6b9a61fcc555b2fe8518946e7814a496328ff75d2c504b80471999a6fd4fa591",
    "https://esm.sh/v113/highlight.js@11.3.1/deno/lib/languages/puppet.js": "855b9211bab2a213ab81d6ace27d0a0cc3c3cd0874730db0cfe7af7fe94b02c6",
    "https://esm.sh/v113/highlight.js@11.3.1/deno/lib/languages/purebasic.js": "894ade503d9bc588aec98135aac8e2d9cb486a3984d55b6acba02f193539995b",
    "https://esm.sh/v113/highlight.js@11.3.1/deno/lib/languages/python-repl.js": "161a8fc9d56b391bda5fac935d9d583d7c57078e4119dbbad9a16ea241f4078e",
    "https://esm.sh/v113/highlight.js@11.3.1/deno/lib/languages/python.js": "6e6dfb0547231f6aa81f6c65cd8502fb0149d324fa74abb18845316b57533ffe",
    "https://esm.sh/v113/highlight.js@11.3.1/deno/lib/languages/q.js": "c98e2e69149e6f9b88eed80eb3357598465de50dd791b82d7372e3d98580671a",
    "https://esm.sh/v113/highlight.js@11.3.1/deno/lib/languages/qml.js": "9c4305394bd84faf26fb227a1e6ddeee0e873682a5293704cf904450242b6cf5",
    "https://esm.sh/v113/highlight.js@11.3.1/deno/lib/languages/r.js": "1a2cd1b1c8300eefd384208340dfb7feb8a16916208edc181f50cfd41ff9cd3f",
    "https://esm.sh/v113/highlight.js@11.3.1/deno/lib/languages/reasonml.js": "7e790fd90962351c22421920ff180fffa2382b30cf32bbe46c4306a040bbff13",
    "https://esm.sh/v113/highlight.js@11.3.1/deno/lib/languages/rib.js": "e267413efa3209258774b6002066067030c0d8771af533fdc8f949243b916ca0",
    "https://esm.sh/v113/highlight.js@11.3.1/deno/lib/languages/roboconf.js": "19c741546ddb9ae375ee22f4f2ff96984233ade4c5c6ae39a3de7e5f83b309f2",
    "https://esm.sh/v113/highlight.js@11.3.1/deno/lib/languages/routeros.js": "af0c004defa1c24081f72ce25e6912c64d4be759ba901f4f9374d779dd36362d",
    "https://esm.sh/v113/highlight.js@11.3.1/deno/lib/languages/rsl.js": "463b85f78742b2aa5c3f979e5ac5b383899c67e8cda3f7bb2480aa3b693a59c7",
    "https://esm.sh/v113/highlight.js@11.3.1/deno/lib/languages/ruby.js": "e9cc82add95c8014ab03e9f6b47aebb7e6d314ed490203f575e1fe05a72fb52a",
    "https://esm.sh/v113/highlight.js@11.3.1/deno/lib/languages/ruleslanguage.js": "65851f24bbe1d43cbc88467e1c67d2475fd12b20b75f8e1dfb87e8b849c7b972",
    "https://esm.sh/v113/highlight.js@11.3.1/deno/lib/languages/rust.js": "5c9e16f30ba539172bcfafe59d9246226e8d7d61820fdf4b1532d53e2359a4f6",
    "https://esm.sh/v113/highlight.js@11.3.1/deno/lib/languages/sas.js": "60ddf33d0f87ca8a92dafe6b25d141bf0561907f99d6d2f6fd00a9ba6e750a7a",
    "https://esm.sh/v113/highlight.js@11.3.1/deno/lib/languages/scala.js": "a22ada91eab569d3f8ebf9d5b4f71ec08a74b66f4ea2c6ebb7073a51a4a30e7e",
    "https://esm.sh/v113/highlight.js@11.3.1/deno/lib/languages/scheme.js": "eb70194d7e563541a3c379e76ee99bade5e9af22169af515f4cee12d27d83fd2",
    "https://esm.sh/v113/highlight.js@11.3.1/deno/lib/languages/scilab.js": "03f24b9cfa97f1a3d9aaf2ba3a748b03769c15c226436526e64cacaa8ea75eab",
    "https://esm.sh/v113/highlight.js@11.3.1/deno/lib/languages/scss.js": "fe55ec7ecfbf82dca6337404153e832a580d8a38bc2a6b2cd97bb65279fb4a73",
    "https://esm.sh/v113/highlight.js@11.3.1/deno/lib/languages/shell.js": "9d863c4892c2353c919536096e05d993e954faaeef6b71b1a1d80f5f13267eb9",
    "https://esm.sh/v113/highlight.js@11.3.1/deno/lib/languages/smali.js": "af67e2a04bf03a03a27977431f0e327f29f0c6d677f1a4c056a8e3a5f528179c",
    "https://esm.sh/v113/highlight.js@11.3.1/deno/lib/languages/smalltalk.js": "5fd1f47599b101af89b9313166df0057fabf0bc2345fc06236b7adf4ca6803ff",
    "https://esm.sh/v113/highlight.js@11.3.1/deno/lib/languages/sml.js": "6dccccc386cd801e1d9ff1b72e9cb48f4243092abd6d6c3e46cefd73c9fd425f",
    "https://esm.sh/v113/highlight.js@11.3.1/deno/lib/languages/sqf.js": "b2dad45f0176e48f88ef1ffd8f111ed97b0ac27799767acaacab9e5484e4030e",
    "https://esm.sh/v113/highlight.js@11.3.1/deno/lib/languages/sql.js": "d5c223409fd000f4a4edc08ff6b2f559dd9b6262e709c29d1277e64e823067d3",
    "https://esm.sh/v113/highlight.js@11.3.1/deno/lib/languages/stan.js": "7675e06f64a290ff3ff4de5ef385452ddea865bbd5ea21c8a37c7329b67166b1",
    "https://esm.sh/v113/highlight.js@11.3.1/deno/lib/languages/stata.js": "c4976e3c8448c4d0c854c37304f1535ed190ad06b9b19e21b5af32fe5a5bf9d8",
    "https://esm.sh/v113/highlight.js@11.3.1/deno/lib/languages/step21.js": "439d477fedcf9e3301bce36bbc0483b88aa600df51e0166462d150c631e32a5a",
    "https://esm.sh/v113/highlight.js@11.3.1/deno/lib/languages/stylus.js": "03edfddd98f167f5af31549380a01798c2d17ebdf6e7c1dcbf884f0e6d78d0d3",
    "https://esm.sh/v113/highlight.js@11.3.1/deno/lib/languages/subunit.js": "e48652666e6333b9346968ddce91e1ea2cb1480a76685c6725c5004a6330c6e4",
    "https://esm.sh/v113/highlight.js@11.3.1/deno/lib/languages/swift.js": "a37fbba209205d37a9f8a8142099457a31bee8582b0f728172bea77ff1d33726",
    "https://esm.sh/v113/highlight.js@11.3.1/deno/lib/languages/taggerscript.js": "1d822d11d32f5f28b1ade119d26edbbd4a79525f743ca41135c8f85c644824c3",
    "https://esm.sh/v113/highlight.js@11.3.1/deno/lib/languages/tap.js": "d2027d83486f7570f9d08355357d70b5ee4832b148392a283262ed31d324fd60",
    "https://esm.sh/v113/highlight.js@11.3.1/deno/lib/languages/tcl.js": "a06e3116a5952b6841419cb85d67fc6a1440dc819b2de3202dee4738996feda7",
    "https://esm.sh/v113/highlight.js@11.3.1/deno/lib/languages/thrift.js": "40f11760e0b01151ae62b92e3f5c48652c4e1ddf0b90bbe2d6b1e94085bb9d4e",
    "https://esm.sh/v113/highlight.js@11.3.1/deno/lib/languages/tp.js": "5e7ac00c156c2c2ec7e97ef3f716da60ad8b0cd4fcc497d6ab2ffea9bdb926d6",
    "https://esm.sh/v113/highlight.js@11.3.1/deno/lib/languages/twig.js": "41404c9c04d11999bedfe091677ff1463f824365af82ac99eab5785e1c01b9db",
    "https://esm.sh/v113/highlight.js@11.3.1/deno/lib/languages/typescript.js": "00edb16414fba2f0cb2921378df21b0365c73f8f998467bf093704512b76ca8e",
    "https://esm.sh/v113/highlight.js@11.3.1/deno/lib/languages/vala.js": "e42c7ae04ca3c518208044eb2f7a4e5e52ccb9e049d238089f05c49e76c6fa16",
    "https://esm.sh/v113/highlight.js@11.3.1/deno/lib/languages/vbnet.js": "e7a85d15bcf86e65681b89da99b85ee76dc5b4d66db0912654a936cfd5194b61",
    "https://esm.sh/v113/highlight.js@11.3.1/deno/lib/languages/vbscript-html.js": "5cbb544b0f25269710f6d70dd4bb4090fdc7aa3dee51e9ac7871eb31f3137655",
    "https://esm.sh/v113/highlight.js@11.3.1/deno/lib/languages/vbscript.js": "3be545a9d15d82535afdecfb0fa86feb52ffaa5049b2149f1e51613ede82e47b",
    "https://esm.sh/v113/highlight.js@11.3.1/deno/lib/languages/verilog.js": "7772bf793cf1edc556456ac5dd50b58b1659e9df0533265da4aea8d1a2e31705",
    "https://esm.sh/v113/highlight.js@11.3.1/deno/lib/languages/vhdl.js": "87cc11a3f186b338e413e36b1d0ce297ded0e9adebe3cbb3459cfefdb4296713",
    "https://esm.sh/v113/highlight.js@11.3.1/deno/lib/languages/vim.js": "fd00eb13fc72a85101620f4c237051d5f116dddf3bb5d05a1f2bbcd95ef0a4a5",
    "https://esm.sh/v113/highlight.js@11.3.1/deno/lib/languages/wasm.js": "4edb14bb275be4c338beb920d477b3b9903c3010f53efb859314464905bae0cb",
    "https://esm.sh/v113/highlight.js@11.3.1/deno/lib/languages/wren.js": "641b2a26e9ce312979f99a265086b22acf9561b041f2e9bb75989087f5ca9c1d",
    "https://esm.sh/v113/highlight.js@11.3.1/deno/lib/languages/x86asm.js": "2cc416cd4229afd45818a5a4cb6d88fabc80b965d8048d07d01da04e37e3c38f",
    "https://esm.sh/v113/highlight.js@11.3.1/deno/lib/languages/xl.js": "025096715e760c50104ca984016d1aa9781e807a077bb3471a45ec309493118e",
    "https://esm.sh/v113/highlight.js@11.3.1/deno/lib/languages/xml.js": "2ea119b338b6cd873d560bd046af8d2d89b31d6065c550ef4411c1f93d022b58",
    "https://esm.sh/v113/highlight.js@11.3.1/deno/lib/languages/xquery.js": "9e63d48cf0eba45508088bf53a419fa8f8d7afe75ace5c1c5b57e450c2a73b9e",
    "https://esm.sh/v113/highlight.js@11.3.1/deno/lib/languages/yaml.js": "d5cdc7cb87a70c49ab2ee6aedc57b0438e421fa3a6739abf25d859b9f630aa87",
    "https://esm.sh/v113/highlight.js@11.3.1/deno/lib/languages/zephir.js": "80b16c9259955abdfc81233377249fb38326cd55d3c5706673c5292a7369ee86",
    "https://esm.sh/v113/highlight.js@11.3.1/types/index.d.ts": "de6f8cb34dce8a411b3c573ab6f358fb074090c9bb4ce35e4bb959b1c9d84d6c",
    "https://esm.sh/v113/marked@4.3.0/deno/marked.mjs": "0efea65c8553a622e8e95c65b67710b3a53981dd7107915399bdc278ab701a69"
  }
}
